
Microsoft Visual Studio Solution File, Format Version 12.00
# Visual Studio Version 16
VisualStudioVersion = 16.0.31911.196
MinimumVisualStudioVersion = 10.0.40219.1
Project("{FAE04EC0-301F-11D3-BF4B-00C04F79EFBC}") = "ConsoleApp2", "ConsoleApp2\ConsoleApp2.csproj", "{7A985314-991B-4175-9BA5-67D71B560CAD}"
EndProject
Global
	GlobalSection(SolutionConfigurationPlatforms) = preSolution
		Debug|Any CPU = Debug|Any CPU
		Release|Any CPU = Release|Any CPU
	EndGlobalSection
	GlobalSection(ProjectConfigurationPlatforms) = postSolution
		{7A985314-991B-4175-9BA5-67D71B560CAD}.Debug|Any CPU.ActiveCfg = Debug|Any CPU
		{7A985314-991B-4175-9BA5-67D71B560CAD}.Debug|Any CPU.Build.0 = Debug|Any CPU
		{7A985314-991B-4175-9BA5-67D71B560CAD}.Release|Any CPU.ActiveCfg = Release|Any CPU
		{7A985314-991B-4175-9BA5-67D71B560CAD}.Release|Any CPU.Build.0 = Release|Any CPU
	EndGlobalSection
	GlobalSection(SolutionProperties) = preSolution
		HideSolutionNode = FALSE
	EndGlobalSection
	GlobalSection(ExtensibilityGlobals) = postSolution
		SolutionGuid = {D70A38F5-CD03-4C31-8DD7-EEF86DC4B506}
	EndGlobalSection
EndGlobal
